
Microsoft Visual Studio Solution File, Format Version 10.00
# Visual Studio 2008
Project("{FAE04EC0-301F-11D3-BF4B-00C04F79EFBC}") = "QuanLySinhVien", "QuanLySinhVien\QuanLySinhVien.csproj", "{301613CD-79DC-4E1C-9DFB-AE4A85295FCF}"
EndProject
Global
	GlobalSection(SolutionConfigurationPlatforms) = preSolution
		Debug|Any CPU = Debug|Any CPU
		Release|Any CPU = Release|Any CPU
	EndGlobalSection
	GlobalSection(ProjectConfigurationPlatforms) = postSolution
		{301613CD-79DC-4E1C-9DFB-AE4A85295FCF}.Debug|Any CPU.ActiveCfg = Debug|Any CPU
		{301613CD-79DC-4E1C-9DFB-AE4A85295FCF}.Debug|Any CPU.Build.0 = Debug|Any CPU
		{301613CD-79DC-4E1C-9DFB-AE4A85295FCF}.Release|Any CPU.ActiveCfg = Release|Any CPU
		{301613CD-79DC-4E1C-9DFB-AE4A85295FCF}.Release|Any CPU.Build.0 = Release|Any CPU
	EndGlobalSection
	GlobalSection(SolutionProperties) = preSolution
		HideSolutionNode = FALSE
	EndGlobalSection
EndGlobal
